
Microsoft Visual Studio Solution File, Format Version 12.00
# Visual Studio 14
VisualStudioVersion = 14.0.24720.0
MinimumVisualStudioVersion = 10.0.40219.1
Project("{2150E333-8FDC-42A3-9474-1A3956D46DE8}") = "Engine", "Engine", "{9E5F9C38-1CDA-4622-B0F8-553E0FF2CBE8}"
EndProject
Project("{2150E333-8FDC-42A3-9474-1A3956D46DE8}") = "Games", "Games", "{534E1CD8-820B-4CF7-A170-04BB67B25612}"
EndProject
Project("{8BC9CEB8-8B4A-11D0-8D11-00A0C91BC942}") = "UE4", "Intermediate\ProjectFiles\UE4.vcxproj", "{0881A1E7-EBDE-47F5-A094-D0D43C1D3C4C}"
EndProject
Project("{8BC9CEB8-8B4A-11D0-8D11-00A0C91BC942}") = "TheBeginning", "Intermediate\ProjectFiles\TheBeginning.vcxproj", "{334D1017-CC70-4D23-92FB-5B366FD5E7AA}"
EndProject
Global
	GlobalSection(SolutionConfigurationPlatforms) = preSolution
		DebugGame Editor|Win32 = DebugGame Editor|Win32
		DebugGame Editor|Win64 = DebugGame Editor|Win64
		DebugGame Editor|x64 = DebugGame Editor|x64
		DebugGame|Win32 = DebugGame|Win32
		DebugGame|Win64 = DebugGame|Win64
		DebugGame|x64 = DebugGame|x64
		Development Editor|Win32 = Development Editor|Win32
		Development Editor|Win64 = Development Editor|Win64
		Development Editor|x64 = Development Editor|x64
		Development|Win32 = Development|Win32
		Development|Win64 = Development|Win64
		Development|x64 = Development|x64
		Shipping|Win32 = Shipping|Win32
		Shipping|Win64 = Shipping|Win64
		Shipping|x64 = Shipping|x64
	EndGlobalSection
	GlobalSection(ProjectConfigurationPlatforms) = postSolution
		{0881A1E7-EBDE-47F5-A094-D0D43C1D3C4C}.DebugGame Editor|Win32.ActiveCfg = BuiltWithUnrealBuildTool|Win32
		{0881A1E7-EBDE-47F5-A094-D0D43C1D3C4C}.DebugGame Editor|Win32.Build.0 = BuiltWithUnrealBuildTool|Win32
		{0881A1E7-EBDE-47F5-A094-D0D43C1D3C4C}.DebugGame Editor|Win64.ActiveCfg = BuiltWithUnrealBuildTool|Win32
		{0881A1E7-EBDE-47F5-A094-D0D43C1D3C4C}.DebugGame Editor|x64.ActiveCfg = BuiltWithUnrealBuildTool|x64
		{0881A1E7-EBDE-47F5-A094-D0D43C1D3C4C}.DebugGame Editor|x64.Build.0 = BuiltWithUnrealBuildTool|x64
		{0881A1E7-EBDE-47F5-A094-D0D43C1D3C4C}.DebugGame|Win32.ActiveCfg = BuiltWithUnrealBuildTool|Win32
		{0881A1E7-EBDE-47F5-A094-D0D43C1D3C4C}.DebugGame|Win32.Build.0 = BuiltWithUnrealBuildTool|Win32
		{0881A1E7-EBDE-47F5-A094-D0D43C1D3C4C}.DebugGame|Win64.ActiveCfg = BuiltWithUnrealBuildTool|Win32
		{0881A1E7-EBDE-47F5-A094-D0D43C1D3C4C}.DebugGame|x64.ActiveCfg = BuiltWithUnrealBuildTool|x64
		{0881A1E7-EBDE-47F5-A094-D0D43C1D3C4C}.DebugGame|x64.Build.0 = BuiltWithUnrealBuildTool|x64
		{0881A1E7-EBDE-47F5-A094-D0D43C1D3C4C}.Development Editor|Win32.ActiveCfg = BuiltWithUnrealBuildTool|Win32
		{0881A1E7-EBDE-47F5-A094-D0D43C1D3C4C}.Development Editor|Win32.Build.0 = BuiltWithUnrealBuildTool|Win32
		{0881A1E7-EBDE-47F5-A094-D0D43C1D3C4C}.Development Editor|Win64.ActiveCfg = BuiltWithUnrealBuildTool|x64
		{0881A1E7-EBDE-47F5-A094-D0D43C1D3C4C}.Development Editor|x64.ActiveCfg = BuiltWithUnrealBuildTool|x64
		{0881A1E7-EBDE-47F5-A094-D0D43C1D3C4C}.Development Editor|x64.Build.0 = BuiltWithUnrealBuildTool|x64
		{0881A1E7-EBDE-47F5-A094-D0D43C1D3C4C}.Development|Win32.ActiveCfg = BuiltWithUnrealBuildTool|Win32
		{0881A1E7-EBDE-47F5-A094-D0D43C1D3C4C}.Development|Win32.Build.0 = BuiltWithUnrealBuildTool|Win32
		{0881A1E7-EBDE-47F5-A094-D0D43C1D3C4C}.Development|Win64.ActiveCfg = BuiltWithUnrealBuildTool|x64
		{0881A1E7-EBDE-47F5-A094-D0D43C1D3C4C}.Development|Win64.Build.0 = BuiltWithUnrealBuildTool|x64
		{0881A1E7-EBDE-47F5-A094-D0D43C1D3C4C}.Development|x64.ActiveCfg = BuiltWithUnrealBuildTool|x64
		{0881A1E7-EBDE-47F5-A094-D0D43C1D3C4C}.Development|x64.Build.0 = BuiltWithUnrealBuildTool|x64
		{0881A1E7-EBDE-47F5-A094-D0D43C1D3C4C}.Shipping|Win32.ActiveCfg = BuiltWithUnrealBuildTool|Win32
		{0881A1E7-EBDE-47F5-A094-D0D43C1D3C4C}.Shipping|Win32.Build.0 = BuiltWithUnrealBuildTool|Win32
		{0881A1E7-EBDE-47F5-A094-D0D43C1D3C4C}.Shipping|Win64.ActiveCfg = BuiltWithUnrealBuildTool|Win32
		{0881A1E7-EBDE-47F5-A094-D0D43C1D3C4C}.Shipping|x64.ActiveCfg = BuiltWithUnrealBuildTool|x64
		{0881A1E7-EBDE-47F5-A094-D0D43C1D3C4C}.Shipping|x64.Build.0 = BuiltWithUnrealBuildTool|x64
		{334D1017-CC70-4D23-92FB-5B366FD5E7AA}.DebugGame Editor|Win32.ActiveCfg = DebugGame_Editor|Win32
		{334D1017-CC70-4D23-92FB-5B366FD5E7AA}.DebugGame Editor|Win32.Build.0 = DebugGame_Editor|Win32
		{334D1017-CC70-4D23-92FB-5B366FD5E7AA}.DebugGame Editor|Win64.ActiveCfg = DebugGame_Editor|x64
		{334D1017-CC70-4D23-92FB-5B366FD5E7AA}.DebugGame Editor|Win64.Build.0 = DebugGame_Editor|x64
		{334D1017-CC70-4D23-92FB-5B366FD5E7AA}.DebugGame Editor|x64.ActiveCfg = DebugGame_Game|x64
		{334D1017-CC70-4D23-92FB-5B366FD5E7AA}.DebugGame Editor|x64.Build.0 = DebugGame_Game|x64
		{334D1017-CC70-4D23-92FB-5B366FD5E7AA}.DebugGame|Win32.ActiveCfg = DebugGame_Game|Win32
		{334D1017-CC70-4D23-92FB-5B366FD5E7AA}.DebugGame|Win32.Build.0 = DebugGame_Game|Win32
		{334D1017-CC70-4D23-92FB-5B366FD5E7AA}.DebugGame|Win64.ActiveCfg = DebugGame_Game|x64
		{334D1017-CC70-4D23-92FB-5B366FD5E7AA}.DebugGame|Win64.Build.0 = DebugGame_Game|x64
		{334D1017-CC70-4D23-92FB-5B366FD5E7AA}.DebugGame|x64.ActiveCfg = DebugGame_Game|x64
		{334D1017-CC70-4D23-92FB-5B366FD5E7AA}.DebugGame|x64.Build.0 = DebugGame_Game|x64
		{334D1017-CC70-4D23-92FB-5B366FD5E7AA}.Development Editor|Win32.ActiveCfg = Development_Editor|Win32
		{334D1017-CC70-4D23-92FB-5B366FD5E7AA}.Development Editor|Win32.Build.0 = Development_Editor|Win32
		{334D1017-CC70-4D23-92FB-5B366FD5E7AA}.Development Editor|Win64.ActiveCfg = Development_Editor|x64
		{334D1017-CC70-4D23-92FB-5B366FD5E7AA}.Development Editor|Win64.Build.0 = Development_Editor|x64
		{334D1017-CC70-4D23-92FB-5B366FD5E7AA}.Development Editor|Win64.Deploy.0 = Development_Editor|x64
		{334D1017-CC70-4D23-92FB-5B366FD5E7AA}.Development Editor|x64.ActiveCfg = Development_Game|x64
		{334D1017-CC70-4D23-92FB-5B366FD5E7AA}.Development Editor|x64.Build.0 = Development_Game|x64
		{334D1017-CC70-4D23-92FB-5B366FD5E7AA}.Development|Win32.ActiveCfg = Development_Editor|x64
		{334D1017-CC70-4D23-92FB-5B366FD5E7AA}.Development|Win32.Build.0 = Development_Editor|x64
		{334D1017-CC70-4D23-92FB-5B366FD5E7AA}.Development|Win64.ActiveCfg = Development_Game|x64
		{334D1017-CC70-4D23-92FB-5B366FD5E7AA}.Development|Win64.Build.0 = Development_Game|x64
		{334D1017-CC70-4D23-92FB-5B366FD5E7AA}.Development|x64.ActiveCfg = Development_Game|x64
		{334D1017-CC70-4D23-92FB-5B366FD5E7AA}.Development|x64.Build.0 = Development_Game|x64
		{334D1017-CC70-4D23-92FB-5B366FD5E7AA}.Shipping|Win32.ActiveCfg = Shipping_Game|Win32
		{334D1017-CC70-4D23-92FB-5B366FD5E7AA}.Shipping|Win32.Build.0 = Shipping_Game|Win32
		{334D1017-CC70-4D23-92FB-5B366FD5E7AA}.Shipping|Win64.ActiveCfg = Shipping_Game|x64
		{334D1017-CC70-4D23-92FB-5B366FD5E7AA}.Shipping|Win64.Build.0 = Shipping_Game|x64
		{334D1017-CC70-4D23-92FB-5B366FD5E7AA}.Shipping|x64.ActiveCfg = Shipping_Game|x64
		{334D1017-CC70-4D23-92FB-5B366FD5E7AA}.Shipping|x64.Build.0 = Shipping_Game|x64
	EndGlobalSection
	GlobalSection(SolutionProperties) = preSolution
		HideSolutionNode = FALSE
	EndGlobalSection
	GlobalSection(NestedProjects) = preSolution
		{0881A1E7-EBDE-47F5-A094-D0D43C1D3C4C} = {9E5F9C38-1CDA-4622-B0F8-553E0FF2CBE8}
		{334D1017-CC70-4D23-92FB-5B366FD5E7AA} = {534E1CD8-820B-4CF7-A170-04BB67B25612}
	EndGlobalSection
EndGlobal
